
Microsoft Visual Studio Solution File, Format Version 12.00
# Visual Studio Version 17
VisualStudioVersion = 17.2.32630.192
MinimumVisualStudioVersion = 10.0.40219.1
Project("{FAE04EC0-301F-11D3-BF4B-00C04F79EFBC}") = "EF_DbContext", "EF_DbContext\EF_DbContext.csproj", "{647FC9DB-003B-4602-A3CE-5BF9C9100867}"
EndProject
Project("{FAE04EC0-301F-11D3-BF4B-00C04F79EFBC}") = "EF_DbContext.Core", "EF_DbContext.Core\EF_DbContext.Core.csproj", "{76836A75-8547-4077-9B53-A9A7E3C8904B}"
EndProject
Project("{FAE04EC0-301F-11D3-BF4B-00C04F79EFBC}") = "EF_DbContext.Infrastructure", "EF_DbContext.Infrastructure\EF_DbContext.Infrastructure.csproj", "{2A7A8D8C-3863-403B-98C5-34C58B7C4550}"
EndProject
Global
	GlobalSection(SolutionConfigurationPlatforms) = preSolution
		Debug|Any CPU = Debug|Any CPU
		Release|Any CPU = Release|Any CPU
	EndGlobalSection
	GlobalSection(ProjectConfigurationPlatforms) = postSolution
		{647FC9DB-003B-4602-A3CE-5BF9C9100867}.Debug|Any CPU.ActiveCfg = Debug|Any CPU
		{647FC9DB-003B-4602-A3CE-5BF9C9100867}.Debug|Any CPU.Build.0 = Debug|Any CPU
		{647FC9DB-003B-4602-A3CE-5BF9C9100867}.Release|Any CPU.ActiveCfg = Release|Any CPU
		{647FC9DB-003B-4602-A3CE-5BF9C9100867}.Release|Any CPU.Build.0 = Release|Any CPU
		{76836A75-8547-4077-9B53-A9A7E3C8904B}.Debug|Any CPU.ActiveCfg = Debug|Any CPU
		{76836A75-8547-4077-9B53-A9A7E3C8904B}.Debug|Any CPU.Build.0 = Debug|Any CPU
		{76836A75-8547-4077-9B53-A9A7E3C8904B}.Release|Any CPU.ActiveCfg = Release|Any CPU
		{76836A75-8547-4077-9B53-A9A7E3C8904B}.Release|Any CPU.Build.0 = Release|Any CPU
		{2A7A8D8C-3863-403B-98C5-34C58B7C4550}.Debug|Any CPU.ActiveCfg = Debug|Any CPU
		{2A7A8D8C-3863-403B-98C5-34C58B7C4550}.Debug|Any CPU.Build.0 = Debug|Any CPU
		{2A7A8D8C-3863-403B-98C5-34C58B7C4550}.Release|Any CPU.ActiveCfg = Release|Any CPU
		{2A7A8D8C-3863-403B-98C5-34C58B7C4550}.Release|Any CPU.Build.0 = Release|Any CPU
	EndGlobalSection
	GlobalSection(SolutionProperties) = preSolution
		HideSolutionNode = FALSE
	EndGlobalSection
	GlobalSection(ExtensibilityGlobals) = postSolution
		SolutionGuid = {61E66E9F-2B57-481B-A727-032AABF636AA}
	EndGlobalSection
EndGlobal
